// !$*UTF8*$!
{
	archiveVersion = 1;
	classes = {
	};
	objectVersion = 46;
	objects = {

/* Begin PBXBuildFile section */
		606FFE831DABBC0200A0C14A /* AppDelegate.swift in Sources */ = {isa = PBXBuildFile; fileRef = 606FFE821DABBC0200A0C14A /* AppDelegate.swift */; };
		606FFE851DABBC0200A0C14A /* ViewController.swift in Sources */ = {isa = PBXBuildFile; fileRef = 606FFE841DABBC0200A0C14A /* ViewController.swift */; };
		606FFE881DABBC0200A0C14A /* Main.storyboard in Resources */ = {isa = PBXBuildFile; fileRef = 606FFE861DABBC0200A0C14A /* Main.storyboard */; };
		606FFE8A1DABBC0200A0C14A /* Assets.xcassets in Resources */ = {isa = PBXBuildFile; fileRef = 606FFE891DABBC0200A0C14A /* Assets.xcassets */; };
		606FFE8D1DABBC0200A0C14A /* LaunchScreen.storyboard in Resources */ = {isa = PBXBuildFile; fileRef = 606FFE8B1DABBC0200A0C14A /* LaunchScreen.storyboard */; };
		606FFEAD1DABBFF200A0C14A /* HighlightTextView.framework in Frameworks */ = {isa = PBXBuildFile; fileRef = 606FFEAC1DABBFF200A0C14A /* HighlightTextView.framework */; };
		606FFEAE1DABBFF200A0C14A /* HighlightTextView.framework in Embed Frameworks */ = {isa = PBXBuildFile; fileRef = 606FFEAC1DABBFF200A0C14A /* HighlightTextView.framework */; settings = {ATTRIBUTES = (CodeSignOnCopy, RemoveHeadersOnCopy, ); }; };
/* End PBXBuildFile section */

/* Begin PBXCopyFilesBuildPhase section */
		606FFEAF1DABBFF200A0C14A /* Embed Frameworks */ = {
			isa = PBXCopyFilesBuildPhase;
			buildActionMask = 2147483647;
			dstPath = "";
			dstSubfolderSpec = 10;
			files = (
				606FFEAE1DABBFF200A0C14A /* HighlightTextView.framework in Embed Frameworks */,
			);
			name = "Embed Frameworks";
			runOnlyForDeploymentPostprocessing = 0;
		};
/* End PBXCopyFilesBuildPhase section */

/* Begin PBXFileReference section */
		606FFE7F1DABBC0200A0C14A /* Example.app */ = {isa = PBXFileReference; explicitFileType = wrapper.application; includeInIndex = 0; path = Example.app; sourceTree = BUILT_PRODUCTS_DIR; };
		606FFE821DABBC0200A0C14A /* AppDelegate.swift */ = {isa = PBXFileReference; lastKnownFileType = sourcecode.swift; path = AppDelegate.swift; sourceTree = "<group>"; };
		606FFE841DABBC0200A0C14A /* ViewController.swift */ = {isa = PBXFileReference; lastKnownFileType = sourcecode.swift; path = ViewController.swift; sourceTree = "<group>"; };
		606FFE871DABBC0200A0C14A /* Base */ = {isa = PBXFileReference; lastKnownFileType = file.storyboard; name = Base; path = Base.lproj/Main.storyboard; sourceTree = "<group>"; };
		606FFE891DABBC0200A0C14A /* Assets.xcassets */ = {isa = PBXFileReference; lastKnownFileType = folder.assetcatalog; path = Assets.xcassets; sourceTree = "<group>"; };
		606FFE8C1DABBC0200A0C14A /* Base */ = {isa = PBXFileReference; lastKnownFileType = file.storyboard; name = Base; path = Base.lproj/LaunchScreen.storyboard; sourceTree = "<group>"; };
		606FFE8E1DABBC0200A0C14A /* Info.plist */ = {isa = PBXFileReference; lastKnownFileType = text.plist.xml; path = Info.plist; sourceTree = "<group>"; };
		606FFEAC1DABBFF200A0C14A /* HighlightTextView.framework */ = {isa = PBXFileReference; explicitFileType = wrapper.framework; path = HighlightTextView.framework; sourceTree = BUILT_PRODUCTS_DIR; };
/* End PBXFileReference section */

/* Begin PBXFrameworksBuildPhase section */
		606FFE7C1DABBC0200A0C14A /* Frameworks */ = {
			isa = PBXFrameworksBuildPhase;
			buildActionMask = 2147483647;
			files = (
				606FFEAD1DABBFF200A0C14A /* HighlightTextView.framework in Frameworks */,
			);
			runOnlyForDeploymentPostprocessing = 0;
		};
/* End PBXFrameworksBuildPhase section */

/* Begin PBXGroup section */
		606FFE761DABBC0200A0C14A = {
			isa = PBXGroup;
			children = (
				606FFEAC1DABBFF200A0C14A /* HighlightTextView.framework */,
				606FFE811DABBC0200A0C14A /* Example */,
				606FFE801DABBC0200A0C14A /* Products */,
			);
			sourceTree = "<group>";
		};
		606FFE801DABBC0200A0C14A /* Products */ = {
			isa = PBXGroup;
			children = (
				606FFE7F1DABBC0200A0C14A /* Example.app */,
			);
			name = Products;
			sourceTree = "<group>";
		};
		606FFE811DABBC0200A0C14A /* Example */ = {
			isa = PBXGroup;
			children = (
				606FFE821DABBC0200A0C14A /* AppDelegate.swift */,
				606FFE841DABBC0200A0C14A /* ViewController.swift */,
				606FFE861DABBC0200A0C14A /* Main.storyboard */,
				606FFE891DABBC0200A0C14A /* Assets.xcassets */,
				606FFE8B1DABBC0200A0C14A /* LaunchScreen.storyboard */,
				606FFE8E1DABBC0200A0C14A /* Info.plist */,
			);
			path = Example;
			sourceTree = "<group>";
		};
/* End PBXGroup section */

/* Begin PBXNativeTarget section */
		606FFE7E1DABBC0200A0C14A /* Example */ = {
			isa = PBXNativeTarget;
			buildConfigurationList = 606FFE911DABBC0200A0C14A /* Build configuration list for PBXNativeTarget "Example" */;
			buildPhases = (
				606FFE7B1DABBC0200A0C14A /* Sources */,
				606FFE7C1DABBC0200A0C14A /* Frameworks */,
				606FFE7D1DABBC0200A0C14A /* Resources */,
				606FFEAF1DABBFF200A0C14A /* Embed Frameworks */,
			);
			buildRules = (
			);
			dependencies = (
			);
			name = Example;
			productName = Example;
			productReference = 606FFE7F1DABBC0200A0C14A /* Example.app */;
			productType = "com.apple.product-type.application";
		};
/* End PBXNativeTarget section */

/* Begin PBXProject section */
		606FFE771DABBC0200A0C14A /* Project object */ = {
			isa = PBXProject;
			attributes = {
				LastSwiftUpdateCheck = 0800;
				LastUpgradeCheck = 0800;
				ORGANIZATIONNAME = KazukiYusa;
				TargetAttributes = {
					606FFE7E1DABBC0200A0C14A = {
						CreatedOnToolsVersion = 8.0;
						ProvisioningStyle = Automatic;
					};
				};
			};
			buildConfigurationList = 606FFE7A1DABBC0200A0C14A /* Build configuration list for PBXProject "Example" */;
			compatibilityVersion = "Xcode 3.2";
			developmentRegion = English;
			hasScannedForEncodings = 0;
			knownRegions = (
				en,
				Base,
			);
			mainGroup = 606FFE761DABBC0200A0C14A;
			productRefGroup = 606FFE801DABBC0200A0C14A /* Products */;
			projectDirPath = "";
			projectRoot = "";
			targets = (
				606FFE7E1DABBC0200A0C14A /* Example */,
			);
		};
/* End PBXProject section */

/* Begin PBXResourcesBuildPhase section */
		606FFE7D1DABBC0200A0C14A /* Resources */ = {
			isa = PBXResourcesBuildPhase;
			buildActionMask = 2147483647;
			files = (
				606FFE8D1DABBC0200A0C14A /* LaunchScreen.storyboard in Resources */,
				606FFE8A1DABBC0200A0C14A /* Assets.xcassets in Resources */,
				606FFE881DABBC0200A0C14A /* Main.storyboard in Resources */,
			);
			runOnlyForDeploymentPostprocessing = 0;
		};
/* End PBXResourcesBuildPhase section */

/* Begin PBXSourcesBuildPhase section */
		606FFE7B1DABBC0200A0C14A /* Sources */ = {
			isa = PBXSourcesBuildPhase;
			buildActionMask = 2147483647;
			files = (
				606FFE851DABBC0200A0C14A /* ViewController.swift in Sources */,
				606FFE831DABBC0200A0C14A /* AppDelegate.swift in Sources */,
			);
			runOnlyForDeploymentPostprocessing = 0;
		};
/* End PBXSourcesBuildPhase section */

/* Begin PBXVariantGroup section */
		606FFE861DABBC0200A0C14A /* Main.storyboard */ = {
			isa = PBXVariantGroup;
			children = (
				606FFE871DABBC0200A0C14A /* Base */,
			);
			name = Main.storyboard;
			sourceTree = "<group>";
		};
		606FFE8B1DABBC0200A0C14A /* LaunchScreen.storyboard */ = {
			isa = PBXVariantGroup;
			children = (
				606FFE8C1DABBC0200A0C14A /* Base */,
			);
			name = LaunchScreen.storyboard;
			sourceTree = "<group>";
		};
/* End PBXVariantGroup section */

/* Begin XCBuildConfiguration section */
		606FFE8F1DABBC0200A0C14A /* Debug */ = {
			isa = XCBuildConfiguration;
			buildSettings = {
				ALWAYS_SEARCH_USER_PATHS = NO;
				CLANG_ANALYZER_NONNULL = YES;
				CLANG_CXX_LANGUAGE_STANDARD = "gnu++0x";
				CLANG_CXX_LIBRARY = "libc++";
				CLANG_ENABLE_MODULES = YES;
				CLANG_ENABLE_OBJC_ARC = YES;
				CLANG_WARN_BOOL_CONVERSION = YES;
				CLANG_WARN_CONSTANT_CONVERSION = YES;
				CLANG_WARN_DIRECT_OBJC_ISA_USAGE = YES_ERROR;
				CLANG_WARN_DOCUMENTATION_COMMENTS = YES;
				CLANG_WARN_EMPTY_BODY = YES;
				CLANG_WARN_ENUM_CONVERSION = YES;
				CLANG_WARN_INFINITE_RECURSION = YES;
				CLANG_WARN_INT_CONVERSION = YES;
				CLANG_WARN_OBJC_ROOT_CLASS = YES_ERROR;
				CLANG_WARN_SUSPICIOUS_MOVES = YES;
				CLANG_WARN_UNREACHABLE_CODE = YES;
				CLANG_WARN__DUPLICATE_METHOD_MATCH = YES;
				"CODE_SIGN_IDENTITY[sdk=iphoneos*]" = "iPhone Developer";
				COPY_PHASE_STRIP = NO;
				DEBUG_INFORMATION_FORMAT = dwarf;
				ENABLE_STRICT_OBJC_MSGSEND = YES;
				ENABLE_TESTABILITY = YES;
				GCC_C_LANGUAGE_STANDARD = gnu99;
				GCC_DYNAMIC_NO_PIC = NO;
				GCC_NO_COMMON_BLOCKS = YES;
				GCC_OPTIMIZATION_LEVEL = 0;
				GCC_PREPROCESSOR_DEFINITIONS = (
					"DEBUG=1",
					"$(inherited)",
				);
				GCC_WARN_64_TO_32_BIT_CONVERSION = YES;
				GCC_WARN_ABOUT_RETURN_TYPE = YES_ERROR;
				GCC_WARN_UNDECLARED_SELECTOR = YES;
				GCC_WARN_UNINITIALIZED_AUTOS = YES_AGGRESSIVE;
				GCC_WARN_UNUSED_FUNCTION = YES;
				GCC_WARN_UNUSED_VARIABLE = YES;
				IPHONEOS_DEPLOYMENT_TARGET = 10.0;
				MTL_ENABLE_DEBUG_INFO = YES;
				ONLY_ACTIVE_ARCH = YES;
				SDKROOT = iphoneos;
				SWIFT_ACTIVE_COMPILATION_CONDITIONS = DEBUG;
				SWIFT_OPTIMIZATION_LEVEL = "-Onone";
			};
			name = Debug;
		};
		606FFE901DABBC0200A0C14A /* Release */ = {
			isa = XCBuildConfiguration;
			buildSettings = {
				ALWAYS_SEARCH_USER_PATHS = NO;
				CLANG_ANALYZER_NONNULL = YES;
				CLANG_CXX_LANGUAGE_STANDARD = "gnu++0x";
				CLANG_CXX_LIBRARY = "libc++";
				CLANG_ENABLE_MODULES = YES;
				CLANG_ENABLE_OBJC_ARC = YES;
				CLANG_WARN_BOOL_CONVERSION = YES;
				CLANG_WARN_CONSTANT_CONVERSION = YES;
				CLANG_WARN_DIRECT_OBJC_ISA_USAGE = YES_ERROR;
				CLANG_WARN_DOCUMENTATION_COMMENTS = YES;
				CLANG_WARN_EMPTY_BODY = YES;
				CLANG_WARN_ENUM_CONVERSION = YES;
				CLANG_WARN_INFINITE_RECURSION = YES;
				CLANG_WARN_INT_CONVERSION = YES;
				CLANG_WARN_OBJC_ROOT_CLASS = YES_ERROR;
				CLANG_WARN_SUSPICIOUS_MOVES = YES;
				CLANG_WARN_UNREACHABLE_CODE = YES;
				CLANG_WARN__DUPLICATE_METHOD_MATCH = YES;
				"CODE_SIGN_IDENTITY[sdk=iphoneos*]" = "iPhone Developer";
				COPY_PHASE_STRIP = NO;
				DEBUG_INFORMATION_FORMAT = "dwarf-with-dsym";
				ENABLE_NS_ASSERTIONS = NO;
				ENABLE_STRICT_OBJC_MSGSEND = YES;
				GCC_C_LANGUAGE_STANDARD = gnu99;
				GCC_NO_COMMON_BLOCKS = YES;
				GCC_WARN_64_TO_32_BIT_CONVERSION = YES;
				GCC_WARN_ABOUT_RETURN_TYPE = YES_ERROR;
				GCC_WARN_UNDECLARED_SELECTOR = YES;
				GCC_WARN_UNINITIALIZED_AUTOS = YES_AGGRESSIVE;
				GCC_WARN_UNUSED_FUNCTION = YES;
				GCC_WARN_UNUSED_VARIABLE = YES;
				IPHONEOS_DEPLOYMENT_TARGET = 10.0;
				MTL_ENABLE_DEBUG_INFO = NO;
				SDKROOT = iphoneos;
				SWIFT_OPTIMIZATION_LEVEL = "-Owholemodule";
				VALIDATE_PRODUCT = YES;
			};
			name = Release;
		};
		606FFE921DABBC0200A0C14A /* Debug */ = {
			isa = XCBuildConfiguration;
			buildSettings = {
				ASSETCATALOG_COMPILER_APPICON_NAME = AppIcon;
				INFOPLIST_FILE = Example/Info.plist;
				LD_RUNPATH_SEARCH_PATHS = "$(inherited) @executable_path/Frameworks";
				PRODUCT_BUNDLE_IDENTIFIER = com.gmail.yusakzk.Example;
				PRODUCT_NAME = "$(TARGET_NAME)";
				SWIFT_VERSION = 3.0;
			};
			name = Debug;
		};
		606FFE931DABBC0200A0C14A /* Release */ = {
			isa = XCBuildConfiguration;
			buildSettings = {
				ASSETCATALOG_COMPILER_APPICON_NAME = AppIcon;
				INFOPLIST_FILE = Example/Info.plist;
				LD_RUNPATH_SEARCH_PATHS = "$(inherited) @executable_path/Frameworks";
				PRODUCT_BUNDLE_IDENTIFIER = com.gmail.yusakzk.Example;
				PRODUCT_NAME = "$(TARGET_NAME)";
				SWIFT_VERSION = 3.0;
			};
			name = Release;
		};
/* End XCBuildConfiguration section */

/* Begin XCConfigurationList section */
		606FFE7A1DABBC0200A0C14A /* Build configuration list for PBXProject "Example" */ = {
			isa = XCConfigurationList;
			buildConfigurations = (
				606FFE8F1DABBC0200A0C14A /* Debug */,
				606FFE901DABBC0200A0C14A /* Release */,
			);
			defaultConfigurationIsVisible = 0;
			defaultConfigurationName = Release;
		};
		606FFE911DABBC0200A0C14A /* Build configuration list for PBXNativeTarget "Example" */ = {
			isa = XCConfigurationList;
			buildConfigurations = (
				606FFE921DABBC0200A0C14A /* Debug */,
				606FFE931DABBC0200A0C14A /* Release */,
			);
			defaultConfigurationIsVisible = 0;
			defaultConfigurationName = Release;
		};
/* End XCConfigurationList section */
	};
	rootObject = 606FFE771DABBC0200A0C14A /* Project object */;
}
